
Microsoft Visual Studio Solution File, Format Version 12.00
# Visual Studio Version 16
VisualStudioVersion = 16.0.31005.135
MinimumVisualStudioVersion = 10.0.40219.1
Project("{9A19103F-16F7-4668-BE54-9A1E7A4F7556}") = "POC.Middleware.AppInsights", "POC.Middleware.AppInsights\POC.Middleware.AppInsights.csproj", "{11ACA072-4566-4F23-AC8D-B40DF2E6BF6F}"
EndProject
Global
	GlobalSection(SolutionConfigurationPlatforms) = preSolution
		Debug|Any CPU = Debug|Any CPU
		Release|Any CPU = Release|Any CPU
	EndGlobalSection
	GlobalSection(ProjectConfigurationPlatforms) = postSolution
		{11ACA072-4566-4F23-AC8D-B40DF2E6BF6F}.Debug|Any CPU.ActiveCfg = Debug|Any CPU
		{11ACA072-4566-4F23-AC8D-B40DF2E6BF6F}.Debug|Any CPU.Build.0 = Debug|Any CPU
		{11ACA072-4566-4F23-AC8D-B40DF2E6BF6F}.Release|Any CPU.ActiveCfg = Release|Any CPU
		{11ACA072-4566-4F23-AC8D-B40DF2E6BF6F}.Release|Any CPU.Build.0 = Release|Any CPU
	EndGlobalSection
	GlobalSection(SolutionProperties) = preSolution
		HideSolutionNode = FALSE
	EndGlobalSection
	GlobalSection(ExtensibilityGlobals) = postSolution
		SolutionGuid = {A02045BB-9F92-4595-8D6E-A8C93B87E26C}
	EndGlobalSection
EndGlobal
